# This file is generated by running "yarn install" inside your project.
# Manual changes might be lost - proceed with caution!

__metadata:
  version: 8
  cacheKey: 10c0

"@biomejs/biome@npm:1.9.1":
  version: 1.9.1
  resolution: "@biomejs/biome@npm:1.9.1"
  dependencies:
    "@biomejs/cli-darwin-arm64": "npm:1.9.1"
    "@biomejs/cli-darwin-x64": "npm:1.9.1"
    "@biomejs/cli-linux-arm64": "npm:1.9.1"
    "@biomejs/cli-linux-arm64-musl": "npm:1.9.1"
    "@biomejs/cli-linux-x64": "npm:1.9.1"
    "@biomejs/cli-linux-x64-musl": "npm:1.9.1"
    "@biomejs/cli-win32-arm64": "npm:1.9.1"
    "@biomejs/cli-win32-x64": "npm:1.9.1"
  dependenciesMeta:
    "@biomejs/cli-darwin-arm64":
      optional: true
    "@biomejs/cli-darwin-x64":
      optional: true
    "@biomejs/cli-linux-arm64":
      optional: true
    "@biomejs/cli-linux-arm64-musl":
      optional: true
    "@biomejs/cli-linux-x64":
      optional: true
    "@biomejs/cli-linux-x64-musl":
      optional: true
    "@biomejs/cli-win32-arm64":
      optional: true
    "@biomejs/cli-win32-x64":
      optional: true
  bin:
    biome: bin/biome
  checksum: 10c0/ed51a98794b4942840593143ef3e2c4614f8f3bd1ad86c044f276310571dd34549177aeffa8bd7f006adf2b9c4c590dc887d9df374d18cb29187b7cdff32fc2d
  languageName: node
  linkType: hard

"@biomejs/cli-darwin-arm64@npm:1.9.1":
  version: 1.9.1
  resolution: "@biomejs/cli-darwin-arm64@npm:1.9.1"
  conditions: os=darwin & cpu=arm64
  languageName: node
  linkType: hard

"@biomejs/cli-darwin-x64@npm:1.9.1":
  version: 1.9.1
  resolution: "@biomejs/cli-darwin-x64@npm:1.9.1"
  conditions: os=darwin & cpu=x64
  languageName: node
  linkType: hard

"@biomejs/cli-linux-arm64-musl@npm:1.9.1":
  version: 1.9.1
  resolution: "@biomejs/cli-linux-arm64-musl@npm:1.9.1"
  conditions: os=linux & cpu=arm64 & libc=musl
  languageName: node
  linkType: hard

"@biomejs/cli-linux-arm64@npm:1.9.1":
  version: 1.9.1
  resolution: "@biomejs/cli-linux-arm64@npm:1.9.1"
  conditions: os=linux & cpu=arm64 & libc=glibc
  languageName: node
  linkType: hard

"@biomejs/cli-linux-x64-musl@npm:1.9.1":
  version: 1.9.1
  resolution: "@biomejs/cli-linux-x64-musl@npm:1.9.1"
  conditions: os=linux & cpu=x64 & libc=musl
  languageName: node
  linkType: hard

"@biomejs/cli-linux-x64@npm:1.9.1":
  version: 1.9.1
  resolution: "@biomejs/cli-linux-x64@npm:1.9.1"
  conditions: os=linux & cpu=x64 & libc=glibc
  languageName: node
  linkType: hard

"@biomejs/cli-win32-arm64@npm:1.9.1":
  version: 1.9.1
  resolution: "@biomejs/cli-win32-arm64@npm:1.9.1"
  conditions: os=win32 & cpu=arm64
  languageName: node
  linkType: hard

"@biomejs/cli-win32-x64@npm:1.9.1":
  version: 1.9.1
  resolution: "@biomejs/cli-win32-x64@npm:1.9.1"
  conditions: os=win32 & cpu=x64
  languageName: node
  linkType: hard

"@types/node@npm:^22.5.5":
  version: 22.5.5
  resolution: "@types/node@npm:22.5.5"
  dependencies:
    undici-types: "npm:~6.19.2"
  checksum: 10c0/ead9495cfc6b1da5e7025856dcce2591e9bae635357410c0d2dd619fce797d2a1d402887580ca4b336cb78168b195224869967de370a23f61663cf1e4836121c
  languageName: node
  linkType: hard

"root-workspace-0b6124@workspace:.":
  version: 0.0.0-use.local
  resolution: "root-workspace-0b6124@workspace:."
  dependencies:
    "@biomejs/biome": "npm:1.9.1"
    "@types/node": "npm:^22.5.5"
  languageName: unknown
  linkType: soft

"undici-types@npm:~6.19.2":
  version: 6.19.8
  resolution: "undici-types@npm:6.19.8"
  checksum: 10c0/078afa5990fba110f6824823ace86073b4638f1d5112ee26e790155f481f2a868cc3e0615505b6f4282bdf74a3d8caad715fd809e870c2bb0704e3ea6082f344
  languageName: node
  linkType: hard
